
Microsoft Visual Studio Solution File, Format Version 12.00
# Visual Studio Version 17
VisualStudioVersion = 17.0.31903.59
MinimumVisualStudioVersion = 10.0.40219.1
Project("{2150E333-8FDC-42A3-9474-1A3956D46DE8}") = "1", "1", "{449797D3-9F3B-7CFB-E584-21C71A569BC5}"
EndProject
Project("{FAE04EC0-301F-11D3-BF4B-00C04F79EFBC}") = "ConsoleApp1", "1\ConsoleApp1\ConsoleApp1.csproj", "{9911E6B3-95D0-4A30-9697-0173C63A8ADB}"
EndProject
Project("{2150E333-8FDC-42A3-9474-1A3956D46DE8}") = "2", "2", "{866B4B86-2725-01BA-720B-3791BFA54003}"
EndProject
Project("{FAE04EC0-301F-11D3-BF4B-00C04F79EFBC}") = "ConsoleApp2", "2\ConsoleApp2\ConsoleApp2.csproj", "{25ECB5D9-B2CB-4628-89C1-B0296B28618C}"
EndProject
Project("{2150E333-8FDC-42A3-9474-1A3956D46DE8}") = "3", "3", "{1FAAAE86-D2AC-6F42-476C-C95ECADA8BA3}"
EndProject
Project("{FAE04EC0-301F-11D3-BF4B-00C04F79EFBC}") = "ConsoleApp3", "3\ConsoleApp3\ConsoleApp3.csproj", "{842DEE95-774C-4F21-976B-625656101FCF}"
EndProject
Project("{2150E333-8FDC-42A3-9474-1A3956D46DE8}") = "4", "4", "{0CCA115D-9C64-4D09-68B4-C270E15919F5}"
EndProject
Project("{FAE04EC0-301F-11D3-BF4B-00C04F79EFBC}") = "ConsoleApp4", "4\ConsoleApp4\ConsoleApp4.csproj", "{60FC405D-C6B1-4D19-B4CD-DD95406A8734}"
EndProject
Project("{2150E333-8FDC-42A3-9474-1A3956D46DE8}") = "5", "5", "{9BE8FA8C-058A-65E8-A0EC-C227E0F17A36}"
EndProject
Project("{FAE04EC0-301F-11D3-BF4B-00C04F79EFBC}") = "ConsoleApp5", "5\ConsoleApp5\ConsoleApp5.csproj", "{CAB5E2A2-2C9F-4941-A546-8808ECE96A8B}"
EndProject
Project("{2150E333-8FDC-42A3-9474-1A3956D46DE8}") = "6", "6", "{60B23565-B480-25E2-60F7-72B4D1C98041}"
EndProject
Project("{FAE04EC0-301F-11D3-BF4B-00C04F79EFBC}") = "ConsoleApp6", "6\ConsoleApp6\ConsoleApp6.csproj", "{3DDA36F8-45D8-41B3-B15E-D04537AF9FC4}"
EndProject
Global
	GlobalSection(SolutionConfigurationPlatforms) = preSolution
		Debug|Any CPU = Debug|Any CPU
		Debug|x64 = Debug|x64
		Debug|x86 = Debug|x86
		Release|Any CPU = Release|Any CPU
		Release|x64 = Release|x64
		Release|x86 = Release|x86
	EndGlobalSection
	GlobalSection(ProjectConfigurationPlatforms) = postSolution
		{9911E6B3-95D0-4A30-9697-0173C63A8ADB}.Debug|Any CPU.ActiveCfg = Debug|Any CPU
		{9911E6B3-95D0-4A30-9697-0173C63A8ADB}.Debug|Any CPU.Build.0 = Debug|Any CPU
		{9911E6B3-95D0-4A30-9697-0173C63A8ADB}.Debug|x64.ActiveCfg = Debug|Any CPU
		{9911E6B3-95D0-4A30-9697-0173C63A8ADB}.Debug|x64.Build.0 = Debug|Any CPU
		{9911E6B3-95D0-4A30-9697-0173C63A8ADB}.Debug|x86.ActiveCfg = Debug|Any CPU
		{9911E6B3-95D0-4A30-9697-0173C63A8ADB}.Debug|x86.Build.0 = Debug|Any CPU
		{9911E6B3-95D0-4A30-9697-0173C63A8ADB}.Release|Any CPU.ActiveCfg = Release|Any CPU
		{9911E6B3-95D0-4A30-9697-0173C63A8ADB}.Release|Any CPU.Build.0 = Release|Any CPU
		{9911E6B3-95D0-4A30-9697-0173C63A8ADB}.Release|x64.ActiveCfg = Release|Any CPU
		{9911E6B3-95D0-4A30-9697-0173C63A8ADB}.Release|x64.Build.0 = Release|Any CPU
		{9911E6B3-95D0-4A30-9697-0173C63A8ADB}.Release|x86.ActiveCfg = Release|Any CPU
		{9911E6B3-95D0-4A30-9697-0173C63A8ADB}.Release|x86.Build.0 = Release|Any CPU
		{25ECB5D9-B2CB-4628-89C1-B0296B28618C}.Debug|Any CPU.ActiveCfg = Debug|Any CPU
		{25ECB5D9-B2CB-4628-89C1-B0296B28618C}.Debug|Any CPU.Build.0 = Debug|Any CPU
		{25ECB5D9-B2CB-4628-89C1-B0296B28618C}.Debug|x64.ActiveCfg = Debug|Any CPU
		{25ECB5D9-B2CB-4628-89C1-B0296B28618C}.Debug|x64.Build.0 = Debug|Any CPU
		{25ECB5D9-B2CB-4628-89C1-B0296B28618C}.Debug|x86.ActiveCfg = Debug|Any CPU
		{25ECB5D9-B2CB-4628-89C1-B0296B28618C}.Debug|x86.Build.0 = Debug|Any CPU
		{25ECB5D9-B2CB-4628-89C1-B0296B28618C}.Release|Any CPU.ActiveCfg = Release|Any CPU
		{25ECB5D9-B2CB-4628-89C1-B0296B28618C}.Release|Any CPU.Build.0 = Release|Any CPU
		{25ECB5D9-B2CB-4628-89C1-B0296B28618C}.Release|x64.ActiveCfg = Release|Any CPU
		{25ECB5D9-B2CB-4628-89C1-B0296B28618C}.Release|x64.Build.0 = Release|Any CPU
		{25ECB5D9-B2CB-4628-89C1-B0296B28618C}.Release|x86.ActiveCfg = Release|Any CPU
		{25ECB5D9-B2CB-4628-89C1-B0296B28618C}.Release|x86.Build.0 = Release|Any CPU
		{842DEE95-774C-4F21-976B-625656101FCF}.Debug|Any CPU.ActiveCfg = Debug|Any CPU
		{842DEE95-774C-4F21-976B-625656101FCF}.Debug|Any CPU.Build.0 = Debug|Any CPU
		{842DEE95-774C-4F21-976B-625656101FCF}.Debug|x64.ActiveCfg = Debug|Any CPU
		{842DEE95-774C-4F21-976B-625656101FCF}.Debug|x64.Build.0 = Debug|Any CPU
		{842DEE95-774C-4F21-976B-625656101FCF}.Debug|x86.ActiveCfg = Debug|Any CPU
		{842DEE95-774C-4F21-976B-625656101FCF}.Debug|x86.Build.0 = Debug|Any CPU
		{842DEE95-774C-4F21-976B-625656101FCF}.Release|Any CPU.ActiveCfg = Release|Any CPU
		{842DEE95-774C-4F21-976B-625656101FCF}.Release|Any CPU.Build.0 = Release|Any CPU
		{842DEE95-774C-4F21-976B-625656101FCF}.Release|x64.ActiveCfg = Release|Any CPU
		{842DEE95-774C-4F21-976B-625656101FCF}.Release|x64.Build.0 = Release|Any CPU
		{842DEE95-774C-4F21-976B-625656101FCF}.Release|x86.ActiveCfg = Release|Any CPU
		{842DEE95-774C-4F21-976B-625656101FCF}.Release|x86.Build.0 = Release|Any CPU
		{60FC405D-C6B1-4D19-B4CD-DD95406A8734}.Debug|Any CPU.ActiveCfg = Debug|Any CPU
		{60FC405D-C6B1-4D19-B4CD-DD95406A8734}.Debug|Any CPU.Build.0 = Debug|Any CPU
		{60FC405D-C6B1-4D19-B4CD-DD95406A8734}.Debug|x64.ActiveCfg = Debug|Any CPU
		{60FC405D-C6B1-4D19-B4CD-DD95406A8734}.Debug|x64.Build.0 = Debug|Any CPU
		{60FC405D-C6B1-4D19-B4CD-DD95406A8734}.Debug|x86.ActiveCfg = Debug|Any CPU
		{60FC405D-C6B1-4D19-B4CD-DD95406A8734}.Debug|x86.Build.0 = Debug|Any CPU
		{60FC405D-C6B1-4D19-B4CD-DD95406A8734}.Release|Any CPU.ActiveCfg = Release|Any CPU
		{60FC405D-C6B1-4D19-B4CD-DD95406A8734}.Release|Any CPU.Build.0 = Release|Any CPU
		{60FC405D-C6B1-4D19-B4CD-DD95406A8734}.Release|x64.ActiveCfg = Release|Any CPU
		{60FC405D-C6B1-4D19-B4CD-DD95406A8734}.Release|x64.Build.0 = Release|Any CPU
		{60FC405D-C6B1-4D19-B4CD-DD95406A8734}.Release|x86.ActiveCfg = Release|Any CPU
		{60FC405D-C6B1-4D19-B4CD-DD95406A8734}.Release|x86.Build.0 = Release|Any CPU
		{CAB5E2A2-2C9F-4941-A546-8808ECE96A8B}.Debug|Any CPU.ActiveCfg = Debug|Any CPU
		{CAB5E2A2-2C9F-4941-A546-8808ECE96A8B}.Debug|Any CPU.Build.0 = Debug|Any CPU
		{CAB5E2A2-2C9F-4941-A546-8808ECE96A8B}.Debug|x64.ActiveCfg = Debug|Any CPU
		{CAB5E2A2-2C9F-4941-A546-8808ECE96A8B}.Debug|x64.Build.0 = Debug|Any CPU
		{CAB5E2A2-2C9F-4941-A546-8808ECE96A8B}.Debug|x86.ActiveCfg = Debug|Any CPU
		{CAB5E2A2-2C9F-4941-A546-8808ECE96A8B}.Debug|x86.Build.0 = Debug|Any CPU
		{CAB5E2A2-2C9F-4941-A546-8808ECE96A8B}.Release|Any CPU.ActiveCfg = Release|Any CPU
		{CAB5E2A2-2C9F-4941-A546-8808ECE96A8B}.Release|Any CPU.Build.0 = Release|Any CPU
		{CAB5E2A2-2C9F-4941-A546-8808ECE96A8B}.Release|x64.ActiveCfg = Release|Any CPU
		{CAB5E2A2-2C9F-4941-A546-8808ECE96A8B}.Release|x64.Build.0 = Release|Any CPU
		{CAB5E2A2-2C9F-4941-A546-8808ECE96A8B}.Release|x86.ActiveCfg = Release|Any CPU
		{CAB5E2A2-2C9F-4941-A546-8808ECE96A8B}.Release|x86.Build.0 = Release|Any CPU
		{3DDA36F8-45D8-41B3-B15E-D04537AF9FC4}.Debug|Any CPU.ActiveCfg = Debug|Any CPU
		{3DDA36F8-45D8-41B3-B15E-D04537AF9FC4}.Debug|Any CPU.Build.0 = Debug|Any CPU
		{3DDA36F8-45D8-41B3-B15E-D04537AF9FC4}.Debug|x64.ActiveCfg = Debug|Any CPU
		{3DDA36F8-45D8-41B3-B15E-D04537AF9FC4}.Debug|x64.Build.0 = Debug|Any CPU
		{3DDA36F8-45D8-41B3-B15E-D04537AF9FC4}.Debug|x86.ActiveCfg = Debug|Any CPU
		{3DDA36F8-45D8-41B3-B15E-D04537AF9FC4}.Debug|x86.Build.0 = Debug|Any CPU
		{3DDA36F8-45D8-41B3-B15E-D04537AF9FC4}.Release|Any CPU.ActiveCfg = Release|Any CPU
		{3DDA36F8-45D8-41B3-B15E-D04537AF9FC4}.Release|Any CPU.Build.0 = Release|Any CPU
		{3DDA36F8-45D8-41B3-B15E-D04537AF9FC4}.Release|x64.ActiveCfg = Release|Any CPU
		{3DDA36F8-45D8-41B3-B15E-D04537AF9FC4}.Release|x64.Build.0 = Release|Any CPU
		{3DDA36F8-45D8-41B3-B15E-D04537AF9FC4}.Release|x86.ActiveCfg = Release|Any CPU
		{3DDA36F8-45D8-41B3-B15E-D04537AF9FC4}.Release|x86.Build.0 = Release|Any CPU
	EndGlobalSection
	GlobalSection(SolutionProperties) = preSolution
		HideSolutionNode = FALSE
	EndGlobalSection
	GlobalSection(NestedProjects) = preSolution
		{9911E6B3-95D0-4A30-9697-0173C63A8ADB} = {449797D3-9F3B-7CFB-E584-21C71A569BC5}
		{25ECB5D9-B2CB-4628-89C1-B0296B28618C} = {866B4B86-2725-01BA-720B-3791BFA54003}
		{842DEE95-774C-4F21-976B-625656101FCF} = {1FAAAE86-D2AC-6F42-476C-C95ECADA8BA3}
		{60FC405D-C6B1-4D19-B4CD-DD95406A8734} = {0CCA115D-9C64-4D09-68B4-C270E15919F5}
		{CAB5E2A2-2C9F-4941-A546-8808ECE96A8B} = {9BE8FA8C-058A-65E8-A0EC-C227E0F17A36}
		{3DDA36F8-45D8-41B3-B15E-D04537AF9FC4} = {60B23565-B480-25E2-60F7-72B4D1C98041}
	EndGlobalSection
EndGlobal
