
Microsoft Visual Studio Solution File, Format Version 12.00
# Visual Studio Version 17
VisualStudioVersion = 17.0.31903.59
MinimumVisualStudioVersion = 10.0.40219.1
Project("{2150E333-8FDC-42A3-9474-1A3956D46DE8}") = "7", "7", "{D479026C-CB03-80C5-7914-946047BC43F3}"
EndProject
Project("{FAE04EC0-301F-11D3-BF4B-00C04F79EFBC}") = "ConsoleApp7", "7\ConsoleApp7\ConsoleApp7.csproj", "{6FF5415F-0B2F-45AD-9DD9-A35D8B768A1E}"
EndProject
Project("{2150E333-8FDC-42A3-9474-1A3956D46DE8}") = "8", "8", "{3672CF7B-CC8D-D2D3-AFC6-325A33316845}"
EndProject
Project("{FAE04EC0-301F-11D3-BF4B-00C04F79EFBC}") = "ConsoleApp8", "8\ConsoleApp8\ConsoleApp8.csproj", "{369EFE94-4C92-4CE8-9108-E4584F0A33D8}"
EndProject
Project("{2150E333-8FDC-42A3-9474-1A3956D46DE8}") = "9", "9", "{E051B06B-3FA6-B75E-2EE6-EC325D2B8949}"
EndProject
Project("{FAE04EC0-301F-11D3-BF4B-00C04F79EFBC}") = "ConsoleApp9", "9\ConsoleApp9\ConsoleApp9.csproj", "{20CC9F73-3B6C-4157-B159-601FA6B6FEAB}"
EndProject
Project("{2150E333-8FDC-42A3-9474-1A3956D46DE8}") = "10", "10", "{43248F13-1DCA-5F22-26C1-D82CF8A76A70}"
EndProject
Project("{FAE04EC0-301F-11D3-BF4B-00C04F79EFBC}") = "ConsoleApp10", "10\ConsoleApp10\ConsoleApp10.csproj", "{29E2A2A3-9D49-4DB6-B00B-05D80514246F}"
EndProject
Global
	GlobalSection(SolutionConfigurationPlatforms) = preSolution
		Debug|Any CPU = Debug|Any CPU
		Debug|x64 = Debug|x64
		Debug|x86 = Debug|x86
		Release|Any CPU = Release|Any CPU
		Release|x64 = Release|x64
		Release|x86 = Release|x86
	EndGlobalSection
	GlobalSection(ProjectConfigurationPlatforms) = postSolution
		{6FF5415F-0B2F-45AD-9DD9-A35D8B768A1E}.Debug|Any CPU.ActiveCfg = Debug|Any CPU
		{6FF5415F-0B2F-45AD-9DD9-A35D8B768A1E}.Debug|Any CPU.Build.0 = Debug|Any CPU
		{6FF5415F-0B2F-45AD-9DD9-A35D8B768A1E}.Debug|x64.ActiveCfg = Debug|Any CPU
		{6FF5415F-0B2F-45AD-9DD9-A35D8B768A1E}.Debug|x64.Build.0 = Debug|Any CPU
		{6FF5415F-0B2F-45AD-9DD9-A35D8B768A1E}.Debug|x86.ActiveCfg = Debug|Any CPU
		{6FF5415F-0B2F-45AD-9DD9-A35D8B768A1E}.Debug|x86.Build.0 = Debug|Any CPU
		{6FF5415F-0B2F-45AD-9DD9-A35D8B768A1E}.Release|Any CPU.ActiveCfg = Release|Any CPU
		{6FF5415F-0B2F-45AD-9DD9-A35D8B768A1E}.Release|Any CPU.Build.0 = Release|Any CPU
		{6FF5415F-0B2F-45AD-9DD9-A35D8B768A1E}.Release|x64.ActiveCfg = Release|Any CPU
		{6FF5415F-0B2F-45AD-9DD9-A35D8B768A1E}.Release|x64.Build.0 = Release|Any CPU
		{6FF5415F-0B2F-45AD-9DD9-A35D8B768A1E}.Release|x86.ActiveCfg = Release|Any CPU
		{6FF5415F-0B2F-45AD-9DD9-A35D8B768A1E}.Release|x86.Build.0 = Release|Any CPU
		{369EFE94-4C92-4CE8-9108-E4584F0A33D8}.Debug|Any CPU.ActiveCfg = Debug|Any CPU
		{369EFE94-4C92-4CE8-9108-E4584F0A33D8}.Debug|Any CPU.Build.0 = Debug|Any CPU
		{369EFE94-4C92-4CE8-9108-E4584F0A33D8}.Debug|x64.ActiveCfg = Debug|Any CPU
		{369EFE94-4C92-4CE8-9108-E4584F0A33D8}.Debug|x64.Build.0 = Debug|Any CPU
		{369EFE94-4C92-4CE8-9108-E4584F0A33D8}.Debug|x86.ActiveCfg = Debug|Any CPU
		{369EFE94-4C92-4CE8-9108-E4584F0A33D8}.Debug|x86.Build.0 = Debug|Any CPU
		{369EFE94-4C92-4CE8-9108-E4584F0A33D8}.Release|Any CPU.ActiveCfg = Release|Any CPU
		{369EFE94-4C92-4CE8-9108-E4584F0A33D8}.Release|Any CPU.Build.0 = Release|Any CPU
		{369EFE94-4C92-4CE8-9108-E4584F0A33D8}.Release|x64.ActiveCfg = Release|Any CPU
		{369EFE94-4C92-4CE8-9108-E4584F0A33D8}.Release|x64.Build.0 = Release|Any CPU
		{369EFE94-4C92-4CE8-9108-E4584F0A33D8}.Release|x86.ActiveCfg = Release|Any CPU
		{369EFE94-4C92-4CE8-9108-E4584F0A33D8}.Release|x86.Build.0 = Release|Any CPU
		{20CC9F73-3B6C-4157-B159-601FA6B6FEAB}.Debug|Any CPU.ActiveCfg = Debug|Any CPU
		{20CC9F73-3B6C-4157-B159-601FA6B6FEAB}.Debug|Any CPU.Build.0 = Debug|Any CPU
		{20CC9F73-3B6C-4157-B159-601FA6B6FEAB}.Debug|x64.ActiveCfg = Debug|Any CPU
		{20CC9F73-3B6C-4157-B159-601FA6B6FEAB}.Debug|x64.Build.0 = Debug|Any CPU
		{20CC9F73-3B6C-4157-B159-601FA6B6FEAB}.Debug|x86.ActiveCfg = Debug|Any CPU
		{20CC9F73-3B6C-4157-B159-601FA6B6FEAB}.Debug|x86.Build.0 = Debug|Any CPU
		{20CC9F73-3B6C-4157-B159-601FA6B6FEAB}.Release|Any CPU.ActiveCfg = Release|Any CPU
		{20CC9F73-3B6C-4157-B159-601FA6B6FEAB}.Release|Any CPU.Build.0 = Release|Any CPU
		{20CC9F73-3B6C-4157-B159-601FA6B6FEAB}.Release|x64.ActiveCfg = Release|Any CPU
		{20CC9F73-3B6C-4157-B159-601FA6B6FEAB}.Release|x64.Build.0 = Release|Any CPU
		{20CC9F73-3B6C-4157-B159-601FA6B6FEAB}.Release|x86.ActiveCfg = Release|Any CPU
		{20CC9F73-3B6C-4157-B159-601FA6B6FEAB}.Release|x86.Build.0 = Release|Any CPU
		{29E2A2A3-9D49-4DB6-B00B-05D80514246F}.Debug|Any CPU.ActiveCfg = Debug|Any CPU
		{29E2A2A3-9D49-4DB6-B00B-05D80514246F}.Debug|Any CPU.Build.0 = Debug|Any CPU
		{29E2A2A3-9D49-4DB6-B00B-05D80514246F}.Debug|x64.ActiveCfg = Debug|Any CPU
		{29E2A2A3-9D49-4DB6-B00B-05D80514246F}.Debug|x64.Build.0 = Debug|Any CPU
		{29E2A2A3-9D49-4DB6-B00B-05D80514246F}.Debug|x86.ActiveCfg = Debug|Any CPU
		{29E2A2A3-9D49-4DB6-B00B-05D80514246F}.Debug|x86.Build.0 = Debug|Any CPU
		{29E2A2A3-9D49-4DB6-B00B-05D80514246F}.Release|Any CPU.ActiveCfg = Release|Any CPU
		{29E2A2A3-9D49-4DB6-B00B-05D80514246F}.Release|Any CPU.Build.0 = Release|Any CPU
		{29E2A2A3-9D49-4DB6-B00B-05D80514246F}.Release|x64.ActiveCfg = Release|Any CPU
		{29E2A2A3-9D49-4DB6-B00B-05D80514246F}.Release|x64.Build.0 = Release|Any CPU
		{29E2A2A3-9D49-4DB6-B00B-05D80514246F}.Release|x86.ActiveCfg = Release|Any CPU
		{29E2A2A3-9D49-4DB6-B00B-05D80514246F}.Release|x86.Build.0 = Release|Any CPU
	EndGlobalSection
	GlobalSection(SolutionProperties) = preSolution
		HideSolutionNode = FALSE
	EndGlobalSection
	GlobalSection(NestedProjects) = preSolution
		{6FF5415F-0B2F-45AD-9DD9-A35D8B768A1E} = {D479026C-CB03-80C5-7914-946047BC43F3}
		{369EFE94-4C92-4CE8-9108-E4584F0A33D8} = {3672CF7B-CC8D-D2D3-AFC6-325A33316845}
		{20CC9F73-3B6C-4157-B159-601FA6B6FEAB} = {E051B06B-3FA6-B75E-2EE6-EC325D2B8949}
		{29E2A2A3-9D49-4DB6-B00B-05D80514246F} = {43248F13-1DCA-5F22-26C1-D82CF8A76A70}
	EndGlobalSection
EndGlobal
