Microsoft Visual Studio Solution File, Format Version 12.00
# Visual Studio Version 17
VisualStudioVersion = 17.5.2.0
MinimumVisualStudioVersion = 10.0.40219.1
Project("{2150E333-8FDC-42A3-9474-1A3956D46DE8}") = "1", "1", "{449797D3-9F3B-7CFB-E584-21C71A569BC5}"
EndProject
Project("{2150E333-8FDC-42A3-9474-1A3956D46DE8}") = "10", "10", "{43248F13-1DCA-5F22-26C1-D82CF8A76A70}"
EndProject
Project("{2150E333-8FDC-42A3-9474-1A3956D46DE8}") = "2", "2", "{866B4B86-2725-01BA-720B-3791BFA54003}"
EndProject
Project("{2150E333-8FDC-42A3-9474-1A3956D46DE8}") = "3", "3", "{1FAAAE86-D2AC-6F42-476C-C95ECADA8BA3}"
EndProject
Project("{2150E333-8FDC-42A3-9474-1A3956D46DE8}") = "4", "4", "{0CCA115D-9C64-4D09-68B4-C270E15919F5}"
EndProject
Project("{2150E333-8FDC-42A3-9474-1A3956D46DE8}") = "5", "5", "{9BE8FA8C-058A-65E8-A0EC-C227E0F17A36}"
EndProject
Project("{2150E333-8FDC-42A3-9474-1A3956D46DE8}") = "6", "6", "{60B23565-B480-25E2-60F7-72B4D1C98041}"
EndProject
Project("{2150E333-8FDC-42A3-9474-1A3956D46DE8}") = "7", "7", "{D479026C-CB03-80C5-7914-946047BC43F3}"
EndProject
Project("{2150E333-8FDC-42A3-9474-1A3956D46DE8}") = "8", "8", "{3672CF7B-CC8D-D2D3-AFC6-325A33316845}"
EndProject
Project("{2150E333-8FDC-42A3-9474-1A3956D46DE8}") = "9", "9", "{E051B06B-3FA6-B75E-2EE6-EC325D2B8949}"
EndProject
Project("{FAE04EC0-301F-11D3-BF4B-00C04F79EFBC}") = "ConsoleApp1", "1\ConsoleApp1\ConsoleApp1.csproj", "{A78A88AB-B30C-DF59-9148-18CC85C61BDF}"
EndProject
Project("{FAE04EC0-301F-11D3-BF4B-00C04F79EFBC}") = "ConsoleApp10", "10\ConsoleApp10\ConsoleApp10.csproj", "{77019147-7DDA-6F4E-81E9-458996FEC5B6}"
EndProject
Project("{FAE04EC0-301F-11D3-BF4B-00C04F79EFBC}") = "ConsoleApp2", "2\ConsoleApp2\ConsoleApp2.csproj", "{2BEFE763-49E4-FE81-BF41-7F51C6FDA4B5}"
EndProject
Project("{FAE04EC0-301F-11D3-BF4B-00C04F79EFBC}") = "ConsoleApp3", "3\ConsoleApp3\ConsoleApp3.csproj", "{70069A71-2616-FD8A-D444-67AAD8E86EFE}"
EndProject
Project("{FAE04EC0-301F-11D3-BF4B-00C04F79EFBC}") = "ConsoleApp4", "4\ConsoleApp4\ConsoleApp4.csproj", "{6D77E090-EFA8-3F32-4419-2AB0690AA03F}"
EndProject
Project("{FAE04EC0-301F-11D3-BF4B-00C04F79EFBC}") = "ConsoleApp5", "5\ConsoleApp5\ConsoleApp5.csproj", "{627EF515-FD12-88C0-D7E4-F90AD003DB66}"
EndProject
Project("{FAE04EC0-301F-11D3-BF4B-00C04F79EFBC}") = "ConsoleApp6", "6\ConsoleApp6\ConsoleApp6.csproj", "{9C60FE70-A734-2925-785B-28BA3132F70B}"
EndProject
Project("{FAE04EC0-301F-11D3-BF4B-00C04F79EFBC}") = "ConsoleApp7", "7\ConsoleApp7\ConsoleApp7.csproj", "{DE407445-C06C-9274-5E4A-06AFBFD5E634}"
EndProject
Project("{FAE04EC0-301F-11D3-BF4B-00C04F79EFBC}") = "ConsoleApp8", "8\ConsoleApp8\ConsoleApp8.csproj", "{5840F7EC-5113-48D7-075F-FE5C7FAF176C}"
EndProject
Project("{FAE04EC0-301F-11D3-BF4B-00C04F79EFBC}") = "ConsoleApp9", "9\ConsoleApp9\ConsoleApp9.csproj", "{F8C95754-89A0-CE5A-BC89-578E51440CAF}"
EndProject
Global
	GlobalSection(SolutionConfigurationPlatforms) = preSolution
		Debug|Any CPU = Debug|Any CPU
		Release|Any CPU = Release|Any CPU
	EndGlobalSection
	GlobalSection(ProjectConfigurationPlatforms) = postSolution
		{A78A88AB-B30C-DF59-9148-18CC85C61BDF}.Debug|Any CPU.ActiveCfg = Debug|Any CPU
		{A78A88AB-B30C-DF59-9148-18CC85C61BDF}.Debug|Any CPU.Build.0 = Debug|Any CPU
		{A78A88AB-B30C-DF59-9148-18CC85C61BDF}.Release|Any CPU.ActiveCfg = Release|Any CPU
		{A78A88AB-B30C-DF59-9148-18CC85C61BDF}.Release|Any CPU.Build.0 = Release|Any CPU
		{77019147-7DDA-6F4E-81E9-458996FEC5B6}.Debug|Any CPU.ActiveCfg = Debug|Any CPU
		{77019147-7DDA-6F4E-81E9-458996FEC5B6}.Debug|Any CPU.Build.0 = Debug|Any CPU
		{77019147-7DDA-6F4E-81E9-458996FEC5B6}.Release|Any CPU.ActiveCfg = Release|Any CPU
		{77019147-7DDA-6F4E-81E9-458996FEC5B6}.Release|Any CPU.Build.0 = Release|Any CPU
		{2BEFE763-49E4-FE81-BF41-7F51C6FDA4B5}.Debug|Any CPU.ActiveCfg = Debug|Any CPU
		{2BEFE763-49E4-FE81-BF41-7F51C6FDA4B5}.Debug|Any CPU.Build.0 = Debug|Any CPU
		{2BEFE763-49E4-FE81-BF41-7F51C6FDA4B5}.Release|Any CPU.ActiveCfg = Release|Any CPU
		{2BEFE763-49E4-FE81-BF41-7F51C6FDA4B5}.Release|Any CPU.Build.0 = Release|Any CPU
		{70069A71-2616-FD8A-D444-67AAD8E86EFE}.Debug|Any CPU.ActiveCfg = Debug|Any CPU
		{70069A71-2616-FD8A-D444-67AAD8E86EFE}.Debug|Any CPU.Build.0 = Debug|Any CPU
		{70069A71-2616-FD8A-D444-67AAD8E86EFE}.Release|Any CPU.ActiveCfg = Release|Any CPU
		{70069A71-2616-FD8A-D444-67AAD8E86EFE}.Release|Any CPU.Build.0 = Release|Any CPU
		{6D77E090-EFA8-3F32-4419-2AB0690AA03F}.Debug|Any CPU.ActiveCfg = Debug|Any CPU
		{6D77E090-EFA8-3F32-4419-2AB0690AA03F}.Debug|Any CPU.Build.0 = Debug|Any CPU
		{6D77E090-EFA8-3F32-4419-2AB0690AA03F}.Release|Any CPU.ActiveCfg = Release|Any CPU
		{6D77E090-EFA8-3F32-4419-2AB0690AA03F}.Release|Any CPU.Build.0 = Release|Any CPU
		{627EF515-FD12-88C0-D7E4-F90AD003DB66}.Debug|Any CPU.ActiveCfg = Debug|Any CPU
		{627EF515-FD12-88C0-D7E4-F90AD003DB66}.Debug|Any CPU.Build.0 = Debug|Any CPU
		{627EF515-FD12-88C0-D7E4-F90AD003DB66}.Release|Any CPU.ActiveCfg = Release|Any CPU
		{627EF515-FD12-88C0-D7E4-F90AD003DB66}.Release|Any CPU.Build.0 = Release|Any CPU
		{9C60FE70-A734-2925-785B-28BA3132F70B}.Debug|Any CPU.ActiveCfg = Debug|Any CPU
		{9C60FE70-A734-2925-785B-28BA3132F70B}.Debug|Any CPU.Build.0 = Debug|Any CPU
		{9C60FE70-A734-2925-785B-28BA3132F70B}.Release|Any CPU.ActiveCfg = Release|Any CPU
		{9C60FE70-A734-2925-785B-28BA3132F70B}.Release|Any CPU.Build.0 = Release|Any CPU
		{DE407445-C06C-9274-5E4A-06AFBFD5E634}.Debug|Any CPU.ActiveCfg = Debug|Any CPU
		{DE407445-C06C-9274-5E4A-06AFBFD5E634}.Debug|Any CPU.Build.0 = Debug|Any CPU
		{DE407445-C06C-9274-5E4A-06AFBFD5E634}.Release|Any CPU.ActiveCfg = Release|Any CPU
		{DE407445-C06C-9274-5E4A-06AFBFD5E634}.Release|Any CPU.Build.0 = Release|Any CPU
		{5840F7EC-5113-48D7-075F-FE5C7FAF176C}.Debug|Any CPU.ActiveCfg = Debug|Any CPU
		{5840F7EC-5113-48D7-075F-FE5C7FAF176C}.Debug|Any CPU.Build.0 = Debug|Any CPU
		{5840F7EC-5113-48D7-075F-FE5C7FAF176C}.Release|Any CPU.ActiveCfg = Release|Any CPU
		{5840F7EC-5113-48D7-075F-FE5C7FAF176C}.Release|Any CPU.Build.0 = Release|Any CPU
		{F8C95754-89A0-CE5A-BC89-578E51440CAF}.Debug|Any CPU.ActiveCfg = Debug|Any CPU
		{F8C95754-89A0-CE5A-BC89-578E51440CAF}.Debug|Any CPU.Build.0 = Debug|Any CPU
		{F8C95754-89A0-CE5A-BC89-578E51440CAF}.Release|Any CPU.ActiveCfg = Release|Any CPU
		{F8C95754-89A0-CE5A-BC89-578E51440CAF}.Release|Any CPU.Build.0 = Release|Any CPU
	EndGlobalSection
	GlobalSection(SolutionProperties) = preSolution
		HideSolutionNode = FALSE
	EndGlobalSection
	GlobalSection(NestedProjects) = preSolution
		{A78A88AB-B30C-DF59-9148-18CC85C61BDF} = {449797D3-9F3B-7CFB-E584-21C71A569BC5}
		{77019147-7DDA-6F4E-81E9-458996FEC5B6} = {43248F13-1DCA-5F22-26C1-D82CF8A76A70}
		{2BEFE763-49E4-FE81-BF41-7F51C6FDA4B5} = {866B4B86-2725-01BA-720B-3791BFA54003}
		{70069A71-2616-FD8A-D444-67AAD8E86EFE} = {1FAAAE86-D2AC-6F42-476C-C95ECADA8BA3}
		{6D77E090-EFA8-3F32-4419-2AB0690AA03F} = {0CCA115D-9C64-4D09-68B4-C270E15919F5}
		{627EF515-FD12-88C0-D7E4-F90AD003DB66} = {9BE8FA8C-058A-65E8-A0EC-C227E0F17A36}
		{9C60FE70-A734-2925-785B-28BA3132F70B} = {60B23565-B480-25E2-60F7-72B4D1C98041}
		{DE407445-C06C-9274-5E4A-06AFBFD5E634} = {D479026C-CB03-80C5-7914-946047BC43F3}
		{5840F7EC-5113-48D7-075F-FE5C7FAF176C} = {3672CF7B-CC8D-D2D3-AFC6-325A33316845}
		{F8C95754-89A0-CE5A-BC89-578E51440CAF} = {E051B06B-3FA6-B75E-2EE6-EC325D2B8949}
	EndGlobalSection
	GlobalSection(ExtensibilityGlobals) = postSolution
		SolutionGuid = {44A6399B-874D-4127-BAF5-33C9DF556BD9}
	EndGlobalSection
EndGlobal
